{
  "version": 4,
  "terraform_version": "1.5.7",
  "serial": 11,
  "lineage": "2b773fb7-5389-ccd4-7e4d-ed23b98c8348",
  "outputs": {
    "acr_login_server": {
      "value": "asescmacr.azurecr.io",
      "type": "string"
    },
    "aks_cluster_name": {
      "value": "scm-aks",
      "type": "string"
    },
    "postgres_admin_user": {
      "value": "scmadmin",
      "type": "string"
    },
    "postgres_server_host": {
      "value": "scm-postgres-server.postgres.database.azure.com",
      "type": "string"
    },
    "resource_group_name": {
      "value": "scm-rg",
      "type": "string"
    },
    "webapp_default_hostname": {
      "value": "scm-frontend-webapp.azurewebsites.net",
      "type": "string"
    }
  },
  "resources": [
    {
      "mode": "managed",
      "type": "azurerm_container_registry",
      "name": "acr",
      "provider": "provider[\"registry.terraform.io/hashicorp/azurerm\"]",
      "instances": [
        {
          "schema_version": 2,
          "attributes": {
            "admin_enabled": true,
            "admin_password": "ZjfykhQBFhn9VXzKu5R/1e65rZcBLbb1NkjtE8mBX6+ACRAf0/J4",
            "admin_username": "asescmacr",
            "anonymous_pull_enabled": false,
            "data_endpoint_enabled": false,
            "encryption": [
              {
                "enabled": false,
                "identity_client_id": "",
                "key_vault_key_id": ""
              }
            ],
            "export_policy_enabled": true,
            "georeplications": [],
            "id": "/subscriptions/0b5dd8b2-5a00-4e5e-ab18-3268792b85b8/resourceGroups/scm-rg/providers/Microsoft.ContainerRegistry/registries/asescmacr",
            "identity": [],
            "location": "uksouth",
            "login_server": "asescmacr.azurecr.io",
            "name": "asescmacr",
            "network_rule_bypass_option": "AzureServices",
            "network_rule_set": [],
            "public_network_access_enabled": true,
            "quarantine_policy_enabled": false,
            "resource_group_name": "scm-rg",
            "retention_policy": [
              {
                "days": 7,
                "enabled": false
              }
            ],
            "sku": "Basic",
            "tags": null,
            "timeouts": null,
            "trust_policy": [
              {
                "enabled": false
              }
            ],
            "zone_redundancy_enabled": false
          },
          "sensitive_attributes": [],
          "private": "eyJlMmJmYjczMC1lY2FhLTExZTYtOGY4OC0zNDM2M2JjN2M0YzAiOnsiY3JlYXRlIjoxODAwMDAwMDAwMDAwLCJkZWxldGUiOjE4MDAwMDAwMDAwMDAsInJlYWQiOjMwMDAwMDAwMDAwMCwidXBkYXRlIjoxODAwMDAwMDAwMDAwfSwic2NoZW1hX3ZlcnNpb24iOiIyIn0=",
          "dependencies": [
            "azurerm_resource_group.scm"
          ]
        }
      ]
    },
    {
      "mode": "managed",
      "type": "azurerm_linux_web_app",
      "name": "frontend",
      "provider": "provider[\"registry.terraform.io/hashicorp/azurerm\"]",
      "instances": [
        {
          "schema_version": 1,
          "attributes": {
            "app_settings": {
              "WEBSITES_PORT": "3000"
            },
            "auth_settings": [],
            "auth_settings_v2": [],
            "backup": [],
            "client_affinity_enabled": false,
            "client_certificate_enabled": false,
            "client_certificate_exclusion_paths": "",
            "client_certificate_mode": "Required",
            "connection_string": [],
            "custom_domain_verification_id": "3ABC3CFB77DA2D4505B7BB744F02ED13179221A083B484369F1C90997589FEB9",
            "default_hostname": "scm-frontend-webapp.azurewebsites.net",
            "enabled": true,
            "ftp_publish_basic_authentication_enabled": true,
            "hosting_environment_id": "",
            "https_only": false,
            "id": "/subscriptions/0b5dd8b2-5a00-4e5e-ab18-3268792b85b8/resourceGroups/scm-rg/providers/Microsoft.Web/sites/scm-frontend-webapp",
            "identity": [],
            "key_vault_reference_identity_id": "SystemAssigned",
            "kind": "app,linux",
            "location": "uksouth",
            "logs": [],
            "name": "scm-frontend-webapp",
            "outbound_ip_address_list": [
              "20.108.56.240",
              "20.108.58.75",
              "20.108.58.110",
              "20.108.58.123",
              "20.108.58.125",
              "20.108.58.128",
              "51.104.28.79"
            ],
            "outbound_ip_addresses": "20.108.56.240,20.108.58.75,20.108.58.110,20.108.58.123,20.108.58.125,20.108.58.128,51.104.28.79",
            "possible_outbound_ip_address_list": [
              "20.108.56.240",
              "20.108.58.75",
              "20.108.58.110",
              "20.108.58.123",
              "20.108.58.125",
              "20.108.58.128",
              "20.108.56.251",
              "20.108.58.158",
              "20.108.58.163",
              "20.108.58.165",
              "20.108.58.173",
              "20.108.58.177",
              "20.108.58.178",
              "20.108.58.200",
              "20.108.58.205",
              "20.108.57.227",
              "20.108.58.211",
              "20.108.58.214",
              "20.90.71.54",
              "20.90.71.64",
              "20.90.71.69",
              "20.90.71.111",
              "20.90.71.139",
              "20.90.71.146",
              "51.104.28.79"
            ],
            "possible_outbound_ip_addresses": "20.108.56.240,20.108.58.75,20.108.58.110,20.108.58.123,20.108.58.125,20.108.58.128,20.108.56.251,20.108.58.158,20.108.58.163,20.108.58.165,20.108.58.173,20.108.58.177,20.108.58.178,20.108.58.200,20.108.58.205,20.108.57.227,20.108.58.211,20.108.58.214,20.90.71.54,20.90.71.64,20.90.71.69,20.90.71.111,20.90.71.139,20.90.71.146,51.104.28.79",
            "public_network_access_enabled": true,
            "resource_group_name": "scm-rg",
            "service_plan_id": "/subscriptions/0b5dd8b2-5a00-4e5e-ab18-3268792b85b8/resourceGroups/scm-rg/providers/Microsoft.Web/serverFarms/scm-asp",
            "site_config": [
              {
                "always_on": true,
                "api_definition_url": "",
                "api_management_api_id": "",
                "app_command_line": "",
                "application_stack": [
                  {
                    "docker_image": "",
                    "docker_image_name": "",
                    "docker_image_tag": "",
                    "docker_registry_password": "",
                    "docker_registry_url": "",
                    "docker_registry_username": "",
                    "dotnet_version": "",
                    "go_version": "",
                    "java_server": "",
                    "java_server_version": "",
                    "java_version": "",
                    "node_version": "18-lts",
                    "php_version": "",
                    "python_version": "",
                    "ruby_version": ""
                  }
                ],
                "auto_heal_enabled": false,
                "auto_heal_setting": [],
                "container_registry_managed_identity_client_id": "",
                "container_registry_use_managed_identity": false,
                "cors": [],
                "default_documents": [
                  "Default.htm",
                  "Default.html",
                  "Default.asp",
                  "index.htm",
                  "index.html",
                  "iisstart.htm",
                  "default.aspx",
                  "index.php",
                  "hostingstart.html"
                ],
                "detailed_error_logging_enabled": false,
                "ftps_state": "Disabled",
                "health_check_eviction_time_in_min": 0,
                "health_check_path": "",
                "http2_enabled": false,
                "ip_restriction": [],
                "ip_restriction_default_action": "Allow",
                "linux_fx_version": "NODE|18-lts",
                "load_balancing_mode": "LeastRequests",
                "local_mysql_enabled": false,
                "managed_pipeline_mode": "Integrated",
                "minimum_tls_version": "1.2",
                "remote_debugging_enabled": false,
                "remote_debugging_version": "VS2022",
                "scm_ip_restriction": [],
                "scm_ip_restriction_default_action": "Allow",
                "scm_minimum_tls_version": "1.2",
                "scm_type": "None",
                "scm_use_main_ip_restriction": false,
                "use_32_bit_worker": true,
                "vnet_route_all_enabled": false,
                "websockets_enabled": false,
                "worker_count": 1
              }
            ],
            "site_credential": [
              {
                "name": "$scm-frontend-webapp",
                "password": "90XKcDR6nsWbbhnybYpB1f2vjLSshS18fY7ihnz6YupA4Yar3l8DWijPxG9L"
              }
            ],
            "sticky_settings": [],
            "storage_account": [],
            "tags": null,
            "timeouts": null,
            "virtual_network_subnet_id": "",
            "webdeploy_publish_basic_authentication_enabled": true,
            "zip_deploy_file": ""
          },
          "sensitive_attributes": [],
          "private": "eyJlMmJmYjczMC1lY2FhLTExZTYtOGY4OC0zNDM2M2JjN2M0YzAiOnsiY3JlYXRlIjoxODAwMDAwMDAwMDAwLCJkZWxldGUiOjE4MDAwMDAwMDAwMDAsInJlYWQiOjMwMDAwMDAwMDAwMCwidXBkYXRlIjoxODAwMDAwMDAwMDAwfSwic2NoZW1hX3ZlcnNpb24iOiIxIn0=",
          "dependencies": [
            "azurerm_resource_group.scm",
            "azurerm_service_plan.asp"
          ]
        }
      ]
    },
    {
      "mode": "managed",
      "type": "azurerm_postgresql_flexible_server",
      "name": "postgres",
      "provider": "provider[\"registry.terraform.io/hashicorp/azurerm\"]",
      "instances": [
        {
          "schema_version": 0,
          "attributes": {
            "administrator_login": "scmadmin",
            "administrator_password": "Password@123",
            "authentication": [
              {
                "active_directory_auth_enabled": false,
                "password_auth_enabled": true,
                "tenant_id": ""
              }
            ],
            "auto_grow_enabled": false,
            "backup_retention_days": 7,
            "create_mode": null,
            "customer_managed_key": [],
            "delegated_subnet_id": "",
            "fqdn": "scm-postgres-server.postgres.database.azure.com",
            "geo_redundant_backup_enabled": false,
            "high_availability": [],
            "id": "/subscriptions/0b5dd8b2-5a00-4e5e-ab18-3268792b85b8/resourceGroups/scm-rg/providers/Microsoft.DBforPostgreSQL/flexibleServers/scm-postgres-server",
            "identity": [],
            "location": "uksouth",
            "maintenance_window": [],
            "name": "scm-postgres-server",
            "point_in_time_restore_time_in_utc": null,
            "private_dns_zone_id": "",
            "public_network_access_enabled": true,
            "replication_role": "",
            "resource_group_name": "scm-rg",
            "sku_name": "B_Standard_B1ms",
            "source_server_id": null,
            "storage_mb": 32768,
            "storage_tier": "P4",
            "tags": null,
            "timeouts": null,
            "version": "13",
            "zone": "1"
          },
          "sensitive_attributes": [
            [
              {
                "type": "get_attr",
                "value": "administrator_password"
              }
            ]
          ],
          "private": "eyJlMmJmYjczMC1lY2FhLTExZTYtOGY4OC0zNDM2M2JjN2M0YzAiOnsiY3JlYXRlIjozNjAwMDAwMDAwMDAwLCJkZWxldGUiOjM2MDAwMDAwMDAwMDAsInJlYWQiOjMwMDAwMDAwMDAwMCwidXBkYXRlIjozNjAwMDAwMDAwMDAwfX0=",
          "dependencies": [
            "azurerm_resource_group.scm"
          ]
        }
      ]
    },
    {
      "mode": "managed",
      "type": "azurerm_postgresql_flexible_server_database",
      "name": "scm_db",
      "provider": "provider[\"registry.terraform.io/hashicorp/azurerm\"]",
      "instances": [
        {
          "schema_version": 0,
          "attributes": {
            "charset": "UTF8",
            "collation": "en_US.utf8",
            "id": "/subscriptions/0b5dd8b2-5a00-4e5e-ab18-3268792b85b8/resourceGroups/scm-rg/providers/Microsoft.DBforPostgreSQL/flexibleServers/scm-postgres-server/databases/scm",
            "name": "scm",
            "server_id": "/subscriptions/0b5dd8b2-5a00-4e5e-ab18-3268792b85b8/resourceGroups/scm-rg/providers/Microsoft.DBforPostgreSQL/flexibleServers/scm-postgres-server",
            "timeouts": null
          },
          "sensitive_attributes": [],
          "private": "eyJlMmJmYjczMC1lY2FhLTExZTYtOGY4OC0zNDM2M2JjN2M0YzAiOnsiY3JlYXRlIjoxODAwMDAwMDAwMDAwLCJkZWxldGUiOjE4MDAwMDAwMDAwMDAsInJlYWQiOjMwMDAwMDAwMDAwMH19",
          "dependencies": [
            "azurerm_postgresql_flexible_server.postgres",
            "azurerm_resource_group.scm"
          ]
        }
      ]
    },
    {
      "mode": "managed",
      "type": "azurerm_postgresql_flexible_server_firewall_rule",
      "name": "allow_all",
      "provider": "provider[\"registry.terraform.io/hashicorp/azurerm\"]",
      "instances": [
        {
          "schema_version": 0,
          "attributes": {
            "end_ip_address": "255.255.255.255",
            "id": "/subscriptions/0b5dd8b2-5a00-4e5e-ab18-3268792b85b8/resourceGroups/scm-rg/providers/Microsoft.DBforPostgreSQL/flexibleServers/scm-postgres-server/firewallRules/allow-all",
            "name": "allow-all",
            "server_id": "/subscriptions/0b5dd8b2-5a00-4e5e-ab18-3268792b85b8/resourceGroups/scm-rg/providers/Microsoft.DBforPostgreSQL/flexibleServers/scm-postgres-server",
            "start_ip_address": "0.0.0.0",
            "timeouts": null
          },
          "sensitive_attributes": [],
          "private": "eyJlMmJmYjczMC1lY2FhLTExZTYtOGY4OC0zNDM2M2JjN2M0YzAiOnsiY3JlYXRlIjoxODAwMDAwMDAwMDAwLCJkZWxldGUiOjE4MDAwMDAwMDAwMDAsInJlYWQiOjMwMDAwMDAwMDAwMCwidXBkYXRlIjoxODAwMDAwMDAwMDAwfX0=",
          "dependencies": [
            "azurerm_postgresql_flexible_server.postgres",
            "azurerm_resource_group.scm"
          ]
        }
      ]
    },
    {
      "mode": "managed",
      "type": "azurerm_postgresql_flexible_server_firewall_rule",
      "name": "allow_azure_services",
      "provider": "provider[\"registry.terraform.io/hashicorp/azurerm\"]",
      "instances": [
        {
          "schema_version": 0,
          "attributes": {
            "end_ip_address": "0.0.0.0",
            "id": "/subscriptions/0b5dd8b2-5a00-4e5e-ab18-3268792b85b8/resourceGroups/scm-rg/providers/Microsoft.DBforPostgreSQL/flexibleServers/scm-postgres-server/firewallRules/allow-azure-services",
            "name": "allow-azure-services",
            "server_id": "/subscriptions/0b5dd8b2-5a00-4e5e-ab18-3268792b85b8/resourceGroups/scm-rg/providers/Microsoft.DBforPostgreSQL/flexibleServers/scm-postgres-server",
            "start_ip_address": "0.0.0.0",
            "timeouts": null
          },
          "sensitive_attributes": [],
          "private": "eyJlMmJmYjczMC1lY2FhLTExZTYtOGY4OC0zNDM2M2JjN2M0YzAiOnsiY3JlYXRlIjoxODAwMDAwMDAwMDAwLCJkZWxldGUiOjE4MDAwMDAwMDAwMDAsInJlYWQiOjMwMDAwMDAwMDAwMCwidXBkYXRlIjoxODAwMDAwMDAwMDAwfX0=",
          "dependencies": [
            "azurerm_postgresql_flexible_server.postgres",
            "azurerm_resource_group.scm"
          ]
        }
      ]
    },
    {
      "mode": "managed",
      "type": "azurerm_resource_group",
      "name": "scm",
      "provider": "provider[\"registry.terraform.io/hashicorp/azurerm\"]",
      "instances": [
        {
          "schema_version": 0,
          "attributes": {
            "id": "/subscriptions/0b5dd8b2-5a00-4e5e-ab18-3268792b85b8/resourceGroups/scm-rg",
            "location": "uksouth",
            "managed_by": "",
            "name": "scm-rg",
            "tags": null,
            "timeouts": null
          },
          "sensitive_attributes": [],
          "private": "eyJlMmJmYjczMC1lY2FhLTExZTYtOGY4OC0zNDM2M2JjN2M0YzAiOnsiY3JlYXRlIjo1NDAwMDAwMDAwMDAwLCJkZWxldGUiOjU0MDAwMDAwMDAwMDAsInJlYWQiOjMwMDAwMDAwMDAwMCwidXBkYXRlIjo1NDAwMDAwMDAwMDAwfX0="
        }
      ]
    },
    {
      "mode": "managed",
      "type": "azurerm_role_assignment",
      "name": "aks_acr_pull",
      "provider": "provider[\"registry.terraform.io/hashicorp/azurerm\"]",
      "instances": []
    },
    {
      "mode": "managed",
      "type": "azurerm_service_plan",
      "name": "asp",
      "provider": "provider[\"registry.terraform.io/hashicorp/azurerm\"]",
      "instances": [
        {
          "schema_version": 1,
          "attributes": {
            "app_service_environment_id": "",
            "id": "/subscriptions/0b5dd8b2-5a00-4e5e-ab18-3268792b85b8/resourceGroups/scm-rg/providers/Microsoft.Web/serverFarms/scm-asp",
            "kind": "linux",
            "location": "uksouth",
            "maximum_elastic_worker_count": 1,
            "name": "scm-asp",
            "os_type": "Linux",
            "per_site_scaling_enabled": false,
            "reserved": true,
            "resource_group_name": "scm-rg",
            "sku_name": "B1",
            "tags": null,
            "timeouts": null,
            "worker_count": 1,
            "zone_balancing_enabled": false
          },
          "sensitive_attributes": [],
          "private": "eyJlMmJmYjczMC1lY2FhLTExZTYtOGY4OC0zNDM2M2JjN2M0YzAiOnsiY3JlYXRlIjozNjAwMDAwMDAwMDAwLCJkZWxldGUiOjM2MDAwMDAwMDAwMDAsInJlYWQiOjMwMDAwMDAwMDAwMCwidXBkYXRlIjozNjAwMDAwMDAwMDAwfSwic2NoZW1hX3ZlcnNpb24iOiIxIn0=",
          "dependencies": [
            "azurerm_resource_group.scm"
          ]
        }
      ]
    }
  ],
  "check_results": null
}
